
Microsoft Visual Studio Solution File, Format Version 12.00
# Visual Studio Version 17
VisualStudioVersion = 17.9.34616.47
MinimumVisualStudioVersion = 10.0.40219.1
Project("{9A19103F-16F7-4668-BE54-9A1E7A4F7556}") = "Snake.Core", "Snake.Core\Snake.Core.csproj", "{48985246-AD68-4547-AF98-EFE02A5412EE}"
EndProject
Project("{FAE04EC0-301F-11D3-BF4B-00C04F79EFBC}") = "Snake", "Snake\Snake.csproj", "{74F82CFF-5D8F-464B-8A87-EBC3E01F1445}"
EndProject
Project("{2150E333-8FDC-42A3-9474-1A3956D46DE8}") = "Files", "Files", "{A52C67E3-5B83-41DC-8225-47CE9BB6ACEC}"
	ProjectSection(SolutionItems) = preProject
		Files\Snake.ico = Files\Snake.ico
	EndProjectSection
EndProject
Project("{FAE04EC0-301F-11D3-BF4B-00C04F79EFBC}") = "Snake.Desktop", "Snake.Desktop\Snake.Desktop.csproj", "{7E4D81CC-5A4E-414C-90A1-5B54E9FC273C}"
EndProject
Global
	GlobalSection(SolutionConfigurationPlatforms) = preSolution
		Debug|Any CPU = Debug|Any CPU
		Release|Any CPU = Release|Any CPU
	EndGlobalSection
	GlobalSection(ProjectConfigurationPlatforms) = postSolution
		{48985246-AD68-4547-AF98-EFE02A5412EE}.Debug|Any CPU.ActiveCfg = Debug|Any CPU
		{48985246-AD68-4547-AF98-EFE02A5412EE}.Debug|Any CPU.Build.0 = Debug|Any CPU
		{48985246-AD68-4547-AF98-EFE02A5412EE}.Release|Any CPU.ActiveCfg = Release|Any CPU
		{48985246-AD68-4547-AF98-EFE02A5412EE}.Release|Any CPU.Build.0 = Release|Any CPU
		{74F82CFF-5D8F-464B-8A87-EBC3E01F1445}.Debug|Any CPU.ActiveCfg = Debug|Any CPU
		{74F82CFF-5D8F-464B-8A87-EBC3E01F1445}.Debug|Any CPU.Build.0 = Debug|Any CPU
		{74F82CFF-5D8F-464B-8A87-EBC3E01F1445}.Release|Any CPU.ActiveCfg = Release|Any CPU
		{74F82CFF-5D8F-464B-8A87-EBC3E01F1445}.Release|Any CPU.Build.0 = Release|Any CPU
		{7E4D81CC-5A4E-414C-90A1-5B54E9FC273C}.Debug|Any CPU.ActiveCfg = Debug|Any CPU
		{7E4D81CC-5A4E-414C-90A1-5B54E9FC273C}.Debug|Any CPU.Build.0 = Debug|Any CPU
		{7E4D81CC-5A4E-414C-90A1-5B54E9FC273C}.Release|Any CPU.ActiveCfg = Release|Any CPU
		{7E4D81CC-5A4E-414C-90A1-5B54E9FC273C}.Release|Any CPU.Build.0 = Release|Any CPU
	EndGlobalSection
	GlobalSection(SolutionProperties) = preSolution
		HideSolutionNode = FALSE
	EndGlobalSection
	GlobalSection(ExtensibilityGlobals) = postSolution
		SolutionGuid = {D8F9DBCA-4D15-4DEC-9386-88EF31CF6844}
	EndGlobalSection
EndGlobal
